
Microsoft Visual Studio Solution File, Format Version 12.00
# Visual Studio Version 17
VisualStudioVersion = 17.4.32804.182
MinimumVisualStudioVersion = 10.0.40219.1
Project("{9A19103F-16F7-4668-BE54-9A1E7A4F7556}") = "APITemperaturas", "APITemperaturas.csproj", "{CA267FF7-557B-404F-809E-869E8F40C1B3}"
EndProject
Global
	GlobalSection(SolutionConfigurationPlatforms) = preSolution
		Debug|Any CPU = Debug|Any CPU
		Release|Any CPU = Release|Any CPU
	EndGlobalSection
	GlobalSection(ProjectConfigurationPlatforms) = postSolution
		{CA267FF7-557B-404F-809E-869E8F40C1B3}.Debug|Any CPU.ActiveCfg = Debug|Any CPU
		{CA267FF7-557B-404F-809E-869E8F40C1B3}.Debug|Any CPU.Build.0 = Debug|Any CPU
		{CA267FF7-557B-404F-809E-869E8F40C1B3}.Release|Any CPU.ActiveCfg = Release|Any CPU
		{CA267FF7-557B-404F-809E-869E8F40C1B3}.Release|Any CPU.Build.0 = Release|Any CPU
	EndGlobalSection
	GlobalSection(SolutionProperties) = preSolution
		HideSolutionNode = FALSE
	EndGlobalSection
	GlobalSection(ExtensibilityGlobals) = postSolution
		SolutionGuid = {B5116213-AB9C-40DF-A071-0B3C51502E44}
	EndGlobalSection
EndGlobal
