
Microsoft Visual Studio Solution File, Format Version 12.00
# Visual Studio Version 17
VisualStudioVersion = 17.4.32804.182
MinimumVisualStudioVersion = 10.0.40219.1
Project("{9A19103F-16F7-4668-BE54-9A1E7A4F7556}") = "ExemploJsonPolymorphism", "ExemploJsonPolymorphism.csproj", "{B0E37CD8-2734-4A6C-84CA-9E902C36800F}"
EndProject
Global
	GlobalSection(SolutionConfigurationPlatforms) = preSolution
		Debug|Any CPU = Debug|Any CPU
		Release|Any CPU = Release|Any CPU
	EndGlobalSection
	GlobalSection(ProjectConfigurationPlatforms) = postSolution
		{B0E37CD8-2734-4A6C-84CA-9E902C36800F}.Debug|Any CPU.ActiveCfg = Debug|Any CPU
		{B0E37CD8-2734-4A6C-84CA-9E902C36800F}.Debug|Any CPU.Build.0 = Debug|Any CPU
		{B0E37CD8-2734-4A6C-84CA-9E902C36800F}.Release|Any CPU.ActiveCfg = Release|Any CPU
		{B0E37CD8-2734-4A6C-84CA-9E902C36800F}.Release|Any CPU.Build.0 = Release|Any CPU
	EndGlobalSection
	GlobalSection(SolutionProperties) = preSolution
		HideSolutionNode = FALSE
	EndGlobalSection
	GlobalSection(ExtensibilityGlobals) = postSolution
		SolutionGuid = {7FBE666C-2CF2-4223-88AA-FF547AAC0C31}
	EndGlobalSection
EndGlobal
