
Microsoft Visual Studio Solution File, Format Version 12.00
# Visual Studio Version 17
VisualStudioVersion = 17.4.32804.182
MinimumVisualStudioVersion = 10.0.40219.1
Project("{9A19103F-16F7-4668-BE54-9A1E7A4F7556}") = "APIHorario", "APIHorario.csproj", "{6F015064-53A2-4461-A3FE-0BAA1A614D48}"
EndProject
Global
	GlobalSection(SolutionConfigurationPlatforms) = preSolution
		Debug|Any CPU = Debug|Any CPU
		Release|Any CPU = Release|Any CPU
	EndGlobalSection
	GlobalSection(ProjectConfigurationPlatforms) = postSolution
		{6F015064-53A2-4461-A3FE-0BAA1A614D48}.Debug|Any CPU.ActiveCfg = Debug|Any CPU
		{6F015064-53A2-4461-A3FE-0BAA1A614D48}.Debug|Any CPU.Build.0 = Debug|Any CPU
		{6F015064-53A2-4461-A3FE-0BAA1A614D48}.Release|Any CPU.ActiveCfg = Release|Any CPU
		{6F015064-53A2-4461-A3FE-0BAA1A614D48}.Release|Any CPU.Build.0 = Release|Any CPU
	EndGlobalSection
	GlobalSection(SolutionProperties) = preSolution
		HideSolutionNode = FALSE
	EndGlobalSection
	GlobalSection(ExtensibilityGlobals) = postSolution
		SolutionGuid = {3F50CAC6-E724-4B0E-96CF-3DDB04106E3D}
	EndGlobalSection
EndGlobal
